
Microsoft Visual Studio Solution File, Format Version 12.00
# Visual Studio 2013
VisualStudioVersion = 12.0.31101.0
MinimumVisualStudioVersion = 10.0.40219.1
Project("{FAE04EC0-301F-11D3-BF4B-00C04F79EFBC}") = "BLS.Infrastructure", "BLS.Infrastructure\BLS.Infrastructure.csproj", "{BF7AE202-8567-489D-8373-0EA565A2DBB9}"
EndProject
Project("{FAE04EC0-301F-11D3-BF4B-00C04F79EFBC}") = "BLS.Infrastructure.Dal", "BLS.Infrastructure.Ef6\BLS.Infrastructure.Dal.csproj", "{9710965E-1582-4540-8DFA-04B2B1F73AE1}"
EndProject
Global
	GlobalSection(SolutionConfigurationPlatforms) = preSolution
		Debug|Any CPU = Debug|Any CPU
		Debug|x86 = Debug|x86
		Release|Any CPU = Release|Any CPU
		Release|x86 = Release|x86
		ReleaseDAL|Any CPU = ReleaseDAL|Any CPU
		ReleaseDAL|x86 = ReleaseDAL|x86
		ReleaseInfraStructure|Any CPU = ReleaseInfraStructure|Any CPU
		ReleaseInfraStructure|x86 = ReleaseInfraStructure|x86
	EndGlobalSection
	GlobalSection(ProjectConfigurationPlatforms) = postSolution
		{BF7AE202-8567-489D-8373-0EA565A2DBB9}.Debug|Any CPU.ActiveCfg = Debug|Any CPU
		{BF7AE202-8567-489D-8373-0EA565A2DBB9}.Debug|Any CPU.Build.0 = Debug|Any CPU
		{BF7AE202-8567-489D-8373-0EA565A2DBB9}.Debug|x86.ActiveCfg = Debug|Any CPU
		{BF7AE202-8567-489D-8373-0EA565A2DBB9}.Release|Any CPU.ActiveCfg = Release|Any CPU
		{BF7AE202-8567-489D-8373-0EA565A2DBB9}.Release|Any CPU.Build.0 = Release|Any CPU
		{BF7AE202-8567-489D-8373-0EA565A2DBB9}.Release|x86.ActiveCfg = Release|Any CPU
		{BF7AE202-8567-489D-8373-0EA565A2DBB9}.ReleaseDAL|Any CPU.ActiveCfg = ReleaseDAL|Any CPU
		{BF7AE202-8567-489D-8373-0EA565A2DBB9}.ReleaseDAL|x86.ActiveCfg = ReleaseDAL|Any CPU
		{BF7AE202-8567-489D-8373-0EA565A2DBB9}.ReleaseInfraStructure|Any CPU.ActiveCfg = ReleaseInfraStructure|Any CPU
		{BF7AE202-8567-489D-8373-0EA565A2DBB9}.ReleaseInfraStructure|Any CPU.Build.0 = ReleaseInfraStructure|Any CPU
		{BF7AE202-8567-489D-8373-0EA565A2DBB9}.ReleaseInfraStructure|x86.ActiveCfg = ReleaseInfraStructure|Any CPU
		{9710965E-1582-4540-8DFA-04B2B1F73AE1}.Debug|Any CPU.ActiveCfg = Debug|Any CPU
		{9710965E-1582-4540-8DFA-04B2B1F73AE1}.Debug|Any CPU.Build.0 = Debug|Any CPU
		{9710965E-1582-4540-8DFA-04B2B1F73AE1}.Debug|x86.ActiveCfg = Debug|Any CPU
		{9710965E-1582-4540-8DFA-04B2B1F73AE1}.Release|Any CPU.ActiveCfg = Release|Any CPU
		{9710965E-1582-4540-8DFA-04B2B1F73AE1}.Release|Any CPU.Build.0 = Release|Any CPU
		{9710965E-1582-4540-8DFA-04B2B1F73AE1}.Release|x86.ActiveCfg = Release|Any CPU
		{9710965E-1582-4540-8DFA-04B2B1F73AE1}.ReleaseDAL|Any CPU.ActiveCfg = ReleaseDAL|Any CPU
		{9710965E-1582-4540-8DFA-04B2B1F73AE1}.ReleaseDAL|Any CPU.Build.0 = ReleaseDAL|Any CPU
		{9710965E-1582-4540-8DFA-04B2B1F73AE1}.ReleaseDAL|x86.ActiveCfg = ReleaseDAL|Any CPU
		{9710965E-1582-4540-8DFA-04B2B1F73AE1}.ReleaseInfraStructure|Any CPU.ActiveCfg = ReleaseInfraStructure|Any CPU
		{9710965E-1582-4540-8DFA-04B2B1F73AE1}.ReleaseInfraStructure|x86.ActiveCfg = ReleaseInfraStructure|Any CPU
	EndGlobalSection
	GlobalSection(SolutionProperties) = preSolution
		HideSolutionNode = FALSE
	EndGlobalSection
EndGlobal
